// !$*UTF8*$!
{
	archiveVersion = 1;
	classes = {
	};
	objectVersion = 56;
	objects = {

/* Begin PBXBuildFile section */
		7358C31A2BE0F6B40065321D /* frameworkValidatorEmail.docc in Sources */ = {isa = PBXBuildFile; fileRef = 7358C3192BE0F6B40065321D /* frameworkValidatorEmail.docc */; };
		7358C3202BE0F6B50065321D /* frameworkValidatorEmail.framework in Frameworks */ = {isa = PBXBuildFile; fileRef = 7358C3152BE0F6B40065321D /* frameworkValidatorEmail.framework */; };
		7358C3252BE0F6B50065321D /* frameworkValidatorEmailTests.swift in Sources */ = {isa = PBXBuildFile; fileRef = 7358C3242BE0F6B50065321D /* frameworkValidatorEmailTests.swift */; };
		7358C3262BE0F6B50065321D /* frameworkValidatorEmail.h in Headers */ = {isa = PBXBuildFile; fileRef = 7358C3182BE0F6B40065321D /* frameworkValidatorEmail.h */; settings = {ATTRIBUTES = (Public, ); }; };
		7358C3302BE0F6CB0065321D /* Validator.swift in Sources */ = {isa = PBXBuildFile; fileRef = 7358C32F2BE0F6CB0065321D /* Validator.swift */; };
/* End PBXBuildFile section */

/* Begin PBXContainerItemProxy section */
		7358C3212BE0F6B50065321D /* PBXContainerItemProxy */ = {
			isa = PBXContainerItemProxy;
			containerPortal = 7358C30C2BE0F6B40065321D /* Project object */;
			proxyType = 1;
			remoteGlobalIDString = 7358C3142BE0F6B40065321D;
			remoteInfo = frameworkValidatorEmail;
		};
/* End PBXContainerItemProxy section */

/* Begin PBXFileReference section */
		7358C3152BE0F6B40065321D /* frameworkValidatorEmail.framework */ = {isa = PBXFileReference; explicitFileType = wrapper.framework; includeInIndex = 0; path = frameworkValidatorEmail.framework; sourceTree = BUILT_PRODUCTS_DIR; };
		7358C3182BE0F6B40065321D /* frameworkValidatorEmail.h */ = {isa = PBXFileReference; lastKnownFileType = sourcecode.c.h; path = frameworkValidatorEmail.h; sourceTree = "<group>"; };
		7358C3192BE0F6B40065321D /* frameworkValidatorEmail.docc */ = {isa = PBXFileReference; lastKnownFileType = folder.documentationcatalog; path = frameworkValidatorEmail.docc; sourceTree = "<group>"; };
		7358C31F2BE0F6B50065321D /* frameworkValidatorEmailTests.xctest */ = {isa = PBXFileReference; explicitFileType = wrapper.cfbundle; includeInIndex = 0; path = frameworkValidatorEmailTests.xctest; sourceTree = BUILT_PRODUCTS_DIR; };
		7358C3242BE0F6B50065321D /* frameworkValidatorEmailTests.swift */ = {isa = PBXFileReference; lastKnownFileType = sourcecode.swift; path = frameworkValidatorEmailTests.swift; sourceTree = "<group>"; };
		7358C32F2BE0F6CB0065321D /* Validator.swift */ = {isa = PBXFileReference; lastKnownFileType = sourcecode.swift; path = Validator.swift; sourceTree = "<group>"; };
/* End PBXFileReference section */

/* Begin PBXFrameworksBuildPhase section */
		7358C3122BE0F6B40065321D /* Frameworks */ = {
			isa = PBXFrameworksBuildPhase;
			buildActionMask = 2147483647;
			files = (
			);
			runOnlyForDeploymentPostprocessing = 0;
		};
		7358C31C2BE0F6B50065321D /* Frameworks */ = {
			isa = PBXFrameworksBuildPhase;
			buildActionMask = 2147483647;
			files = (
				7358C3202BE0F6B50065321D /* frameworkValidatorEmail.framework in Frameworks */,
			);
			runOnlyForDeploymentPostprocessing = 0;
		};
/* End PBXFrameworksBuildPhase section */

/* Begin PBXGroup section */
		7358C30B2BE0F6B40065321D = {
			isa = PBXGroup;
			children = (
				7358C3172BE0F6B40065321D /* frameworkValidatorEmail */,
				7358C3232BE0F6B50065321D /* frameworkValidatorEmailTests */,
				7358C3162BE0F6B40065321D /* Products */,
			);
			sourceTree = "<group>";
		};
		7358C3162BE0F6B40065321D /* Products */ = {
			isa = PBXGroup;
			children = (
				7358C3152BE0F6B40065321D /* frameworkValidatorEmail.framework */,
				7358C31F2BE0F6B50065321D /* frameworkValidatorEmailTests.xctest */,
			);
			name = Products;
			sourceTree = "<group>";
		};
		7358C3172BE0F6B40065321D /* frameworkValidatorEmail */ = {
			isa = PBXGroup;
			children = (
				7358C3182BE0F6B40065321D /* frameworkValidatorEmail.h */,
				7358C32F2BE0F6CB0065321D /* Validator.swift */,
				7358C3192BE0F6B40065321D /* frameworkValidatorEmail.docc */,
			);
			path = frameworkValidatorEmail;
			sourceTree = "<group>";
		};
		7358C3232BE0F6B50065321D /* frameworkValidatorEmailTests */ = {
			isa = PBXGroup;
			children = (
				7358C3242BE0F6B50065321D /* frameworkValidatorEmailTests.swift */,
			);
			path = frameworkValidatorEmailTests;
			sourceTree = "<group>";
		};
/* End PBXGroup section */

/* Begin PBXHeadersBuildPhase section */
		7358C3102BE0F6B40065321D /* Headers */ = {
			isa = PBXHeadersBuildPhase;
			buildActionMask = 2147483647;
			files = (
				7358C3262BE0F6B50065321D /* frameworkValidatorEmail.h in Headers */,
			);
			runOnlyForDeploymentPostprocessing = 0;
		};
/* End PBXHeadersBuildPhase section */

/* Begin PBXNativeTarget section */
		7358C3142BE0F6B40065321D /* frameworkValidatorEmail */ = {
			isa = PBXNativeTarget;
			buildConfigurationList = 7358C3292BE0F6B50065321D /* Build configuration list for PBXNativeTarget "frameworkValidatorEmail" */;
			buildPhases = (
				7358C3102BE0F6B40065321D /* Headers */,
				7358C3112BE0F6B40065321D /* Sources */,
				7358C3122BE0F6B40065321D /* Frameworks */,
				7358C3132BE0F6B40065321D /* Resources */,
			);
			buildRules = (
			);
			dependencies = (
			);
			name = frameworkValidatorEmail;
			productName = frameworkValidatorEmail;
			productReference = 7358C3152BE0F6B40065321D /* frameworkValidatorEmail.framework */;
			productType = "com.apple.product-type.framework";
		};
		7358C31E2BE0F6B50065321D /* frameworkValidatorEmailTests */ = {
			isa = PBXNativeTarget;
			buildConfigurationList = 7358C32C2BE0F6B50065321D /* Build configuration list for PBXNativeTarget "frameworkValidatorEmailTests" */;
			buildPhases = (
				7358C31B2BE0F6B50065321D /* Sources */,
				7358C31C2BE0F6B50065321D /* Frameworks */,
				7358C31D2BE0F6B50065321D /* Resources */,
			);
			buildRules = (
			);
			dependencies = (
				7358C3222BE0F6B50065321D /* PBXTargetDependency */,
			);
			name = frameworkValidatorEmailTests;
			productName = frameworkValidatorEmailTests;
			productReference = 7358C31F2BE0F6B50065321D /* frameworkValidatorEmailTests.xctest */;
			productType = "com.apple.product-type.bundle.unit-test";
		};
/* End PBXNativeTarget section */

/* Begin PBXProject section */
		7358C30C2BE0F6B40065321D /* Project object */ = {
			isa = PBXProject;
			attributes = {
				BuildIndependentTargetsInParallel = 1;
				LastSwiftUpdateCheck = 1530;
				LastUpgradeCheck = 1530;
				TargetAttributes = {
					7358C3142BE0F6B40065321D = {
						CreatedOnToolsVersion = 15.3;
					};
					7358C31E2BE0F6B50065321D = {
						CreatedOnToolsVersion = 15.3;
					};
				};
			};
			buildConfigurationList = 7358C30F2BE0F6B40065321D /* Build configuration list for PBXProject "frameworkValidatorEmail" */;
			compatibilityVersion = "Xcode 14.0";
			developmentRegion = en;
			hasScannedForEncodings = 0;
			knownRegions = (
				en,
				Base,
			);
			mainGroup = 7358C30B2BE0F6B40065321D;
			productRefGroup = 7358C3162BE0F6B40065321D /* Products */;
			projectDirPath = "";
			projectRoot = "";
			targets = (
				7358C3142BE0F6B40065321D /* frameworkValidatorEmail */,
				7358C31E2BE0F6B50065321D /* frameworkValidatorEmailTests */,
			);
		};
/* End PBXProject section */

/* Begin PBXResourcesBuildPhase section */
		7358C3132BE0F6B40065321D /* Resources */ = {
			isa = PBXResourcesBuildPhase;
			buildActionMask = 2147483647;
			files = (
			);
			runOnlyForDeploymentPostprocessing = 0;
		};
		7358C31D2BE0F6B50065321D /* Resources */ = {
			isa = PBXResourcesBuildPhase;
			buildActionMask = 2147483647;
			files = (
			);
			runOnlyForDeploymentPostprocessing = 0;
		};
/* End PBXResourcesBuildPhase section */

/* Begin PBXSourcesBuildPhase section */
		7358C3112BE0F6B40065321D /* Sources */ = {
			isa = PBXSourcesBuildPhase;
			buildActionMask = 2147483647;
			files = (
				7358C3302BE0F6CB0065321D /* Validator.swift in Sources */,
				7358C31A2BE0F6B40065321D /* frameworkValidatorEmail.docc in Sources */,
			);
			runOnlyForDeploymentPostprocessing = 0;
		};
		7358C31B2BE0F6B50065321D /* Sources */ = {
			isa = PBXSourcesBuildPhase;
			buildActionMask = 2147483647;
			files = (
				7358C3252BE0F6B50065321D /* frameworkValidatorEmailTests.swift in Sources */,
			);
			runOnlyForDeploymentPostprocessing = 0;
		};
/* End PBXSourcesBuildPhase section */

/* Begin PBXTargetDependency section */
		7358C3222BE0F6B50065321D /* PBXTargetDependency */ = {
			isa = PBXTargetDependency;
			target = 7358C3142BE0F6B40065321D /* frameworkValidatorEmail */;
			targetProxy = 7358C3212BE0F6B50065321D /* PBXContainerItemProxy */;
		};
/* End PBXTargetDependency section */

/* Begin XCBuildConfiguration section */
		7358C3272BE0F6B50065321D /* Debug */ = {
			isa = XCBuildConfiguration;
			buildSettings = {
				ALWAYS_SEARCH_USER_PATHS = NO;
				ASSETCATALOG_COMPILER_GENERATE_SWIFT_ASSET_SYMBOL_EXTENSIONS = YES;
				CLANG_ANALYZER_NONNULL = YES;
				CLANG_ANALYZER_NUMBER_OBJECT_CONVERSION = YES_AGGRESSIVE;
				CLANG_CXX_LANGUAGE_STANDARD = "gnu++20";
				CLANG_ENABLE_MODULES = YES;
				CLANG_ENABLE_OBJC_ARC = YES;
				CLANG_ENABLE_OBJC_WEAK = YES;
				CLANG_WARN_BLOCK_CAPTURE_AUTORELEASING = YES;
				CLANG_WARN_BOOL_CONVERSION = YES;
				CLANG_WARN_COMMA = YES;
				CLANG_WARN_CONSTANT_CONVERSION = YES;
				CLANG_WARN_DEPRECATED_OBJC_IMPLEMENTATIONS = YES;
				CLANG_WARN_DIRECT_OBJC_ISA_USAGE = YES_ERROR;
				CLANG_WARN_DOCUMENTATION_COMMENTS = YES;
				CLANG_WARN_EMPTY_BODY = YES;
				CLANG_WARN_ENUM_CONVERSION = YES;
				CLANG_WARN_INFINITE_RECURSION = YES;
				CLANG_WARN_INT_CONVERSION = YES;
				CLANG_WARN_NON_LITERAL_NULL_CONVERSION = YES;
				CLANG_WARN_OBJC_IMPLICIT_RETAIN_SELF = YES;
				CLANG_WARN_OBJC_LITERAL_CONVERSION = YES;
				CLANG_WARN_OBJC_ROOT_CLASS = YES_ERROR;
				CLANG_WARN_QUOTED_INCLUDE_IN_FRAMEWORK_HEADER = YES;
				CLANG_WARN_RANGE_LOOP_ANALYSIS = YES;
				CLANG_WARN_STRICT_PROTOTYPES = YES;
				CLANG_WARN_SUSPICIOUS_MOVE = YES;
				CLANG_WARN_UNGUARDED_AVAILABILITY = YES_AGGRESSIVE;
				CLANG_WARN_UNREACHABLE_CODE = YES;
				CLANG_WARN__DUPLICATE_METHOD_MATCH = YES;
				COPY_PHASE_STRIP = NO;
				CURRENT_PROJECT_VERSION = 1;
				DEBUG_INFORMATION_FORMAT = dwarf;
				ENABLE_STRICT_OBJC_MSGSEND = YES;
				ENABLE_TESTABILITY = YES;
				ENABLE_USER_SCRIPT_SANDBOXING = YES;
				GCC_C_LANGUAGE_STANDARD = gnu17;
				GCC_DYNAMIC_NO_PIC = NO;
				GCC_NO_COMMON_BLOCKS = YES;
				GCC_OPTIMIZATION_LEVEL = 0;
				GCC_PREPROCESSOR_DEFINITIONS = (
					"DEBUG=1",
					"$(inherited)",
				);
				GCC_WARN_64_TO_32_BIT_CONVERSION = YES;
				GCC_WARN_ABOUT_RETURN_TYPE = YES_ERROR;
				GCC_WARN_UNDECLARED_SELECTOR = YES;
				GCC_WARN_UNINITIALIZED_AUTOS = YES_AGGRESSIVE;
				GCC_WARN_UNUSED_FUNCTION = YES;
				GCC_WARN_UNUSED_VARIABLE = YES;
				IPHONEOS_DEPLOYMENT_TARGET = 17.4;
				LOCALIZATION_PREFERS_STRING_CATALOGS = YES;
				MTL_ENABLE_DEBUG_INFO = INCLUDE_SOURCE;
				MTL_FAST_MATH = YES;
				ONLY_ACTIVE_ARCH = YES;
				SDKROOT = iphoneos;
				SWIFT_ACTIVE_COMPILATION_CONDITIONS = "DEBUG $(inherited)";
				SWIFT_OPTIMIZATION_LEVEL = "-Onone";
				VERSIONING_SYSTEM = "apple-generic";
				VERSION_INFO_PREFIX = "";
			};
			name = Debug;
		};
		7358C3282BE0F6B50065321D /* Release */ = {
			isa = XCBuildConfiguration;
			buildSettings = {
				ALWAYS_SEARCH_USER_PATHS = NO;
				ASSETCATALOG_COMPILER_GENERATE_SWIFT_ASSET_SYMBOL_EXTENSIONS = YES;
				CLANG_ANALYZER_NONNULL = YES;
				CLANG_ANALYZER_NUMBER_OBJECT_CONVERSION = YES_AGGRESSIVE;
				CLANG_CXX_LANGUAGE_STANDARD = "gnu++20";
				CLANG_ENABLE_MODULES = YES;
				CLANG_ENABLE_OBJC_ARC = YES;
				CLANG_ENABLE_OBJC_WEAK = YES;
				CLANG_WARN_BLOCK_CAPTURE_AUTORELEASING = YES;
				CLANG_WARN_BOOL_CONVERSION = YES;
				CLANG_WARN_COMMA = YES;
				CLANG_WARN_CONSTANT_CONVERSION = YES;
				CLANG_WARN_DEPRECATED_OBJC_IMPLEMENTATIONS = YES;
				CLANG_WARN_DIRECT_OBJC_ISA_USAGE = YES_ERROR;
				CLANG_WARN_DOCUMENTATION_COMMENTS = YES;
				CLANG_WARN_EMPTY_BODY = YES;
				CLANG_WARN_ENUM_CONVERSION = YES;
				CLANG_WARN_INFINITE_RECURSION = YES;
				CLANG_WARN_INT_CONVERSION = YES;
				CLANG_WARN_NON_LITERAL_NULL_CONVERSION = YES;
				CLANG_WARN_OBJC_IMPLICIT_RETAIN_SELF = YES;
				CLANG_WARN_OBJC_LITERAL_CONVERSION = YES;
				CLANG_WARN_OBJC_ROOT_CLASS = YES_ERROR;
				CLANG_WARN_QUOTED_INCLUDE_IN_FRAMEWORK_HEADER = YES;
				CLANG_WARN_RANGE_LOOP_ANALYSIS = YES;
				CLANG_WARN_STRICT_PROTOTYPES = YES;
				CLANG_WARN_SUSPICIOUS_MOVE = YES;
				CLANG_WARN_UNGUARDED_AVAILABILITY = YES_AGGRESSIVE;
				CLANG_WARN_UNREACHABLE_CODE = YES;
				CLANG_WARN__DUPLICATE_METHOD_MATCH = YES;
				COPY_PHASE_STRIP = NO;
				CURRENT_PROJECT_VERSION = 1;
				DEBUG_INFORMATION_FORMAT = "dwarf-with-dsym";
				ENABLE_NS_ASSERTIONS = NO;
				ENABLE_STRICT_OBJC_MSGSEND = YES;
				ENABLE_USER_SCRIPT_SANDBOXING = YES;
				GCC_C_LANGUAGE_STANDARD = gnu17;
				GCC_NO_COMMON_BLOCKS = YES;
				GCC_WARN_64_TO_32_BIT_CONVERSION = YES;
				GCC_WARN_ABOUT_RETURN_TYPE = YES_ERROR;
				GCC_WARN_UNDECLARED_SELECTOR = YES;
				GCC_WARN_UNINITIALIZED_AUTOS = YES_AGGRESSIVE;
				GCC_WARN_UNUSED_FUNCTION = YES;
				GCC_WARN_UNUSED_VARIABLE = YES;
				IPHONEOS_DEPLOYMENT_TARGET = 17.4;
				LOCALIZATION_PREFERS_STRING_CATALOGS = YES;
				MTL_ENABLE_DEBUG_INFO = NO;
				MTL_FAST_MATH = YES;
				SDKROOT = iphoneos;
				SWIFT_COMPILATION_MODE = wholemodule;
				VALIDATE_PRODUCT = YES;
				VERSIONING_SYSTEM = "apple-generic";
				VERSION_INFO_PREFIX = "";
			};
			name = Release;
		};
		7358C32A2BE0F6B50065321D /* Debug */ = {
			isa = XCBuildConfiguration;
			buildSettings = {
				BUILD_LIBRARY_FOR_DISTRIBUTION = YES;
				CODE_SIGN_STYLE = Automatic;
				CURRENT_PROJECT_VERSION = 1;
				DEFINES_MODULE = YES;
				DEVELOPMENT_TEAM = TJ53QZVU2V;
				DYLIB_COMPATIBILITY_VERSION = 1;
				DYLIB_CURRENT_VERSION = 1;
				DYLIB_INSTALL_NAME_BASE = "@rpath";
				ENABLE_MODULE_VERIFIER = YES;
				GENERATE_INFOPLIST_FILE = YES;
				INFOPLIST_KEY_NSHumanReadableCopyright = "";
				INSTALL_PATH = "$(LOCAL_LIBRARY_DIR)/Frameworks";
				IPHONEOS_DEPLOYMENT_TARGET = 16.0;
				LD_RUNPATH_SEARCH_PATHS = (
					"$(inherited)",
					"@executable_path/Frameworks",
					"@loader_path/Frameworks",
				);
				MARKETING_VERSION = 1.0;
				MODULE_VERIFIER_SUPPORTED_LANGUAGES = "objective-c objective-c++";
				MODULE_VERIFIER_SUPPORTED_LANGUAGE_STANDARDS = "gnu17 gnu++20";
				PRODUCT_BUNDLE_IDENTIFIER = vn.exemple.frameworkValidatorEmail;
				PRODUCT_NAME = "$(TARGET_NAME:c99extidentifier)";
				SKIP_INSTALL = YES;
				SUPPORTED_PLATFORMS = "iphoneos iphonesimulator";
				SUPPORTS_MACCATALYST = YES;
				SUPPORTS_XR_DESIGNED_FOR_IPHONE_IPAD = NO;
				SWIFT_EMIT_LOC_STRINGS = YES;
				SWIFT_INSTALL_OBJC_HEADER = NO;
				SWIFT_VERSION = 5.0;
				TARGETED_DEVICE_FAMILY = "1,2";
			};
			name = Debug;
		};
		7358C32B2BE0F6B50065321D /* Release */ = {
			isa = XCBuildConfiguration;
			buildSettings = {
				BUILD_LIBRARY_FOR_DISTRIBUTION = YES;
				CODE_SIGN_STYLE = Automatic;
				CURRENT_PROJECT_VERSION = 1;
				DEFINES_MODULE = YES;
				DEVELOPMENT_TEAM = TJ53QZVU2V;
				DYLIB_COMPATIBILITY_VERSION = 1;
				DYLIB_CURRENT_VERSION = 1;
				DYLIB_INSTALL_NAME_BASE = "@rpath";
				ENABLE_MODULE_VERIFIER = YES;
				GENERATE_INFOPLIST_FILE = YES;
				INFOPLIST_KEY_NSHumanReadableCopyright = "";
				INSTALL_PATH = "$(LOCAL_LIBRARY_DIR)/Frameworks";
				IPHONEOS_DEPLOYMENT_TARGET = 16.0;
				LD_RUNPATH_SEARCH_PATHS = (
					"$(inherited)",
					"@executable_path/Frameworks",
					"@loader_path/Frameworks",
				);
				MARKETING_VERSION = 1.0;
				MODULE_VERIFIER_SUPPORTED_LANGUAGES = "objective-c objective-c++";
				MODULE_VERIFIER_SUPPORTED_LANGUAGE_STANDARDS = "gnu17 gnu++20";
				PRODUCT_BUNDLE_IDENTIFIER = vn.exemple.frameworkValidatorEmail;
				PRODUCT_NAME = "$(TARGET_NAME:c99extidentifier)";
				SKIP_INSTALL = YES;
				SUPPORTED_PLATFORMS = "iphoneos iphonesimulator";
				SUPPORTS_MACCATALYST = YES;
				SUPPORTS_XR_DESIGNED_FOR_IPHONE_IPAD = NO;
				SWIFT_EMIT_LOC_STRINGS = YES;
				SWIFT_INSTALL_OBJC_HEADER = NO;
				SWIFT_VERSION = 5.0;
				TARGETED_DEVICE_FAMILY = "1,2";
			};
			name = Release;
		};
		7358C32D2BE0F6B50065321D /* Debug */ = {
			isa = XCBuildConfiguration;
			buildSettings = {
				ALWAYS_EMBED_SWIFT_STANDARD_LIBRARIES = YES;
				CODE_SIGN_STYLE = Automatic;
				CURRENT_PROJECT_VERSION = 1;
				DEVELOPMENT_TEAM = TJ53QZVU2V;
				GENERATE_INFOPLIST_FILE = YES;
				MARKETING_VERSION = 1.0;
				PRODUCT_BUNDLE_IDENTIFIER = vn.exemple.frameworkValidatorEmailTests;
				PRODUCT_NAME = "$(TARGET_NAME)";
				SWIFT_EMIT_LOC_STRINGS = NO;
				SWIFT_VERSION = 5.0;
				TARGETED_DEVICE_FAMILY = "1,2";
			};
			name = Debug;
		};
		7358C32E2BE0F6B50065321D /* Release */ = {
			isa = XCBuildConfiguration;
			buildSettings = {
				ALWAYS_EMBED_SWIFT_STANDARD_LIBRARIES = YES;
				CODE_SIGN_STYLE = Automatic;
				CURRENT_PROJECT_VERSION = 1;
				DEVELOPMENT_TEAM = TJ53QZVU2V;
				GENERATE_INFOPLIST_FILE = YES;
				MARKETING_VERSION = 1.0;
				PRODUCT_BUNDLE_IDENTIFIER = vn.exemple.frameworkValidatorEmailTests;
				PRODUCT_NAME = "$(TARGET_NAME)";
				SWIFT_EMIT_LOC_STRINGS = NO;
				SWIFT_VERSION = 5.0;
				TARGETED_DEVICE_FAMILY = "1,2";
			};
			name = Release;
		};
/* End XCBuildConfiguration section */

/* Begin XCConfigurationList section */
		7358C30F2BE0F6B40065321D /* Build configuration list for PBXProject "frameworkValidatorEmail" */ = {
			isa = XCConfigurationList;
			buildConfigurations = (
				7358C3272BE0F6B50065321D /* Debug */,
				7358C3282BE0F6B50065321D /* Release */,
			);
			defaultConfigurationIsVisible = 0;
			defaultConfigurationName = Release;
		};
		7358C3292BE0F6B50065321D /* Build configuration list for PBXNativeTarget "frameworkValidatorEmail" */ = {
			isa = XCConfigurationList;
			buildConfigurations = (
				7358C32A2BE0F6B50065321D /* Debug */,
				7358C32B2BE0F6B50065321D /* Release */,
			);
			defaultConfigurationIsVisible = 0;
			defaultConfigurationName = Release;
		};
		7358C32C2BE0F6B50065321D /* Build configuration list for PBXNativeTarget "frameworkValidatorEmailTests" */ = {
			isa = XCConfigurationList;
			buildConfigurations = (
				7358C32D2BE0F6B50065321D /* Debug */,
				7358C32E2BE0F6B50065321D /* Release */,
			);
			defaultConfigurationIsVisible = 0;
			defaultConfigurationName = Release;
		};
/* End XCConfigurationList section */
	};
	rootObject = 7358C30C2BE0F6B40065321D /* Project object */;
}
